// !$*UTF8*$!
{
	archiveVersion = 1;
	classes = {
	};
	objectVersion = 50;
	objects = {

/* Begin PBXBuildFile section */
		679A53E326C0271800269FDE /* AppDelegate.swift in Sources */ = {isa = PBXBuildFile; fileRef = 679A53E226C0271800269FDE /* AppDelegate.swift */; };
		679A53E526C0271800269FDE /* SceneDelegate.swift in Sources */ = {isa = PBXBuildFile; fileRef = 679A53E426C0271800269FDE /* SceneDelegate.swift */; };
		679A53E726C0271800269FDE /* ViewController.swift in Sources */ = {isa = PBXBuildFile; fileRef = 679A53E626C0271800269FDE /* ViewController.swift */; };
		679A53EA26C0271800269FDE /* Main.storyboard in Resources */ = {isa = PBXBuildFile; fileRef = 679A53E826C0271800269FDE /* Main.storyboard */; };
		679A53ED26C0271800269FDE /* MyTodoApp.xcdatamodeld in Sources */ = {isa = PBXBuildFile; fileRef = 679A53EB26C0271800269FDE /* MyTodoApp.xcdatamodeld */; };
		679A53EF26C0271800269FDE /* Assets.xcassets in Resources */ = {isa = PBXBuildFile; fileRef = 679A53EE26C0271800269FDE /* Assets.xcassets */; };
		679A53F226C0271800269FDE /* LaunchScreen.storyboard in Resources */ = {isa = PBXBuildFile; fileRef = 679A53F026C0271800269FDE /* LaunchScreen.storyboard */; };
		679A53FC26C02A9600269FDE /* AddTodoViewController.swift in Sources */ = {isa = PBXBuildFile; fileRef = 679A53FB26C02A9600269FDE /* AddTodoViewController.swift */; };
		679A53FF26C0363700269FDE /* TodoDetailViewController.swift in Sources */ = {isa = PBXBuildFile; fileRef = 679A53FE26C0363700269FDE /* TodoDetailViewController.swift */; };
/* End PBXBuildFile section */

/* Begin PBXFileReference section */
		679A53DF26C0271800269FDE /* MyTodoApp.app */ = {isa = PBXFileReference; explicitFileType = wrapper.application; includeInIndex = 0; path = MyTodoApp.app; sourceTree = BUILT_PRODUCTS_DIR; };
		679A53E226C0271800269FDE /* AppDelegate.swift */ = {isa = PBXFileReference; lastKnownFileType = sourcecode.swift; path = AppDelegate.swift; sourceTree = "<group>"; };
		679A53E426C0271800269FDE /* SceneDelegate.swift */ = {isa = PBXFileReference; lastKnownFileType = sourcecode.swift; path = SceneDelegate.swift; sourceTree = "<group>"; };
		679A53E626C0271800269FDE /* ViewController.swift */ = {isa = PBXFileReference; lastKnownFileType = sourcecode.swift; path = ViewController.swift; sourceTree = "<group>"; };
		679A53E926C0271800269FDE /* Base */ = {isa = PBXFileReference; lastKnownFileType = file.storyboard; name = Base; path = Base.lproj/Main.storyboard; sourceTree = "<group>"; };
		679A53EC26C0271800269FDE /* MyTodoApp.xcdatamodel */ = {isa = PBXFileReference; lastKnownFileType = wrapper.xcdatamodel; path = MyTodoApp.xcdatamodel; sourceTree = "<group>"; };
		679A53EE26C0271800269FDE /* Assets.xcassets */ = {isa = PBXFileReference; lastKnownFileType = folder.assetcatalog; path = Assets.xcassets; sourceTree = "<group>"; };
		679A53F126C0271800269FDE /* Base */ = {isa = PBXFileReference; lastKnownFileType = file.storyboard; name = Base; path = Base.lproj/LaunchScreen.storyboard; sourceTree = "<group>"; };
		679A53F326C0271800269FDE /* Info.plist */ = {isa = PBXFileReference; lastKnownFileType = text.plist.xml; path = Info.plist; sourceTree = "<group>"; };
		679A53FB26C02A9600269FDE /* AddTodoViewController.swift */ = {isa = PBXFileReference; lastKnownFileType = sourcecode.swift; path = AddTodoViewController.swift; sourceTree = "<group>"; };
		679A53FE26C0363700269FDE /* TodoDetailViewController.swift */ = {isa = PBXFileReference; lastKnownFileType = sourcecode.swift; path = TodoDetailViewController.swift; sourceTree = "<group>"; };
/* End PBXFileReference section */

/* Begin PBXFrameworksBuildPhase section */
		679A53DC26C0271800269FDE /* Frameworks */ = {
			isa = PBXFrameworksBuildPhase;
			buildActionMask = 2147483647;
			files = (
			);
			runOnlyForDeploymentPostprocessing = 0;
		};
/* End PBXFrameworksBuildPhase section */

/* Begin PBXGroup section */
		679A53D626C0271800269FDE = {
			isa = PBXGroup;
			children = (
				679A53E126C0271800269FDE /* MyTodoApp */,
				679A53E026C0271800269FDE /* Products */,
			);
			sourceTree = "<group>";
		};
		679A53E026C0271800269FDE /* Products */ = {
			isa = PBXGroup;
			children = (
				679A53DF26C0271800269FDE /* MyTodoApp.app */,
			);
			name = Products;
			sourceTree = "<group>";
		};
		679A53E126C0271800269FDE /* MyTodoApp */ = {
			isa = PBXGroup;
			children = (
				679A53E226C0271800269FDE /* AppDelegate.swift */,
				679A53E426C0271800269FDE /* SceneDelegate.swift */,
				679A53E626C0271800269FDE /* ViewController.swift */,
				679A53E826C0271800269FDE /* Main.storyboard */,
				679A53FB26C02A9600269FDE /* AddTodoViewController.swift */,
				679A53EE26C0271800269FDE /* Assets.xcassets */,
				679A53F026C0271800269FDE /* LaunchScreen.storyboard */,
				679A53F326C0271800269FDE /* Info.plist */,
				679A53EB26C0271800269FDE /* MyTodoApp.xcdatamodeld */,
				679A53FE26C0363700269FDE /* TodoDetailViewController.swift */,
			);
			path = MyTodoApp;
			sourceTree = "<group>";
		};
/* End PBXGroup section */

/* Begin PBXNativeTarget section */
		679A53DE26C0271800269FDE /* MyTodoApp */ = {
			isa = PBXNativeTarget;
			buildConfigurationList = 679A53F626C0271900269FDE /* Build configuration list for PBXNativeTarget "MyTodoApp" */;
			buildPhases = (
				679A53DB26C0271800269FDE /* Sources */,
				679A53DC26C0271800269FDE /* Frameworks */,
				679A53DD26C0271800269FDE /* Resources */,
			);
			buildRules = (
			);
			dependencies = (
			);
			name = MyTodoApp;
			productName = MyTodoApp;
			productReference = 679A53DF26C0271800269FDE /* MyTodoApp.app */;
			productType = "com.apple.product-type.application";
		};
/* End PBXNativeTarget section */

/* Begin PBXProject section */
		679A53D726C0271800269FDE /* Project object */ = {
			isa = PBXProject;
			attributes = {
				LastSwiftUpdateCheck = 1240;
				LastUpgradeCheck = 1240;
				TargetAttributes = {
					679A53DE26C0271800269FDE = {
						CreatedOnToolsVersion = 12.4;
					};
				};
			};
			buildConfigurationList = 679A53DA26C0271800269FDE /* Build configuration list for PBXProject "MyTodoApp" */;
			compatibilityVersion = "Xcode 9.3";
			developmentRegion = en;
			hasScannedForEncodings = 0;
			knownRegions = (
				en,
				Base,
			);
			mainGroup = 679A53D626C0271800269FDE;
			productRefGroup = 679A53E026C0271800269FDE /* Products */;
			projectDirPath = "";
			projectRoot = "";
			targets = (
				679A53DE26C0271800269FDE /* MyTodoApp */,
			);
		};
/* End PBXProject section */

/* Begin PBXResourcesBuildPhase section */
		679A53DD26C0271800269FDE /* Resources */ = {
			isa = PBXResourcesBuildPhase;
			buildActionMask = 2147483647;
			files = (
				679A53F226C0271800269FDE /* LaunchScreen.storyboard in Resources */,
				679A53EF26C0271800269FDE /* Assets.xcassets in Resources */,
				679A53EA26C0271800269FDE /* Main.storyboard in Resources */,
			);
			runOnlyForDeploymentPostprocessing = 0;
		};
/* End PBXResourcesBuildPhase section */

/* Begin PBXSourcesBuildPhase section */
		679A53DB26C0271800269FDE /* Sources */ = {
			isa = PBXSourcesBuildPhase;
			buildActionMask = 2147483647;
			files = (
				679A53E726C0271800269FDE /* ViewController.swift in Sources */,
				679A53FC26C02A9600269FDE /* AddTodoViewController.swift in Sources */,
				679A53E326C0271800269FDE /* AppDelegate.swift in Sources */,
				679A53E526C0271800269FDE /* SceneDelegate.swift in Sources */,
				679A53ED26C0271800269FDE /* MyTodoApp.xcdatamodeld in Sources */,
				679A53FF26C0363700269FDE /* TodoDetailViewController.swift in Sources */,
			);
			runOnlyForDeploymentPostprocessing = 0;
		};
/* End PBXSourcesBuildPhase section */

/* Begin PBXVariantGroup section */
		679A53E826C0271800269FDE /* Main.storyboard */ = {
			isa = PBXVariantGroup;
			children = (
				679A53E926C0271800269FDE /* Base */,
			);
			name = Main.storyboard;
			sourceTree = "<group>";
		};
		679A53F026C0271800269FDE /* LaunchScreen.storyboard */ = {
			isa = PBXVariantGroup;
			children = (
				679A53F126C0271800269FDE /* Base */,
			);
			name = LaunchScreen.storyboard;
			sourceTree = "<group>";
		};
/* End PBXVariantGroup section */

/* Begin XCBuildConfiguration section */
		679A53F426C0271900269FDE /* Debug */ = {
			isa = XCBuildConfiguration;
			buildSettings = {
				ALWAYS_SEARCH_USER_PATHS = NO;
				CLANG_ANALYZER_NONNULL = YES;
				CLANG_ANALYZER_NUMBER_OBJECT_CONVERSION = YES_AGGRESSIVE;
				CLANG_CXX_LANGUAGE_STANDARD = "gnu++14";
				CLANG_CXX_LIBRARY = "libc++";
				CLANG_ENABLE_MODULES = YES;
				CLANG_ENABLE_OBJC_ARC = YES;
				CLANG_ENABLE_OBJC_WEAK = YES;
				CLANG_WARN_BLOCK_CAPTURE_AUTORELEASING = YES;
				CLANG_WARN_BOOL_CONVERSION = YES;
				CLANG_WARN_COMMA = YES;
				CLANG_WARN_CONSTANT_CONVERSION = YES;
				CLANG_WARN_DEPRECATED_OBJC_IMPLEMENTATIONS = YES;
				CLANG_WARN_DIRECT_OBJC_ISA_USAGE = YES_ERROR;
				CLANG_WARN_DOCUMENTATION_COMMENTS = YES;
				CLANG_WARN_EMPTY_BODY = YES;
				CLANG_WARN_ENUM_CONVERSION = YES;
				CLANG_WARN_INFINITE_RECURSION = YES;
				CLANG_WARN_INT_CONVERSION = YES;
				CLANG_WARN_NON_LITERAL_NULL_CONVERSION = YES;
				CLANG_WARN_OBJC_IMPLICIT_RETAIN_SELF = YES;
				CLANG_WARN_OBJC_LITERAL_CONVERSION = YES;
				CLANG_WARN_OBJC_ROOT_CLASS = YES_ERROR;
				CLANG_WARN_QUOTED_INCLUDE_IN_FRAMEWORK_HEADER = YES;
				CLANG_WARN_RANGE_LOOP_ANALYSIS = YES;
				CLANG_WARN_STRICT_PROTOTYPES = YES;
				CLANG_WARN_SUSPICIOUS_MOVE = YES;
				CLANG_WARN_UNGUARDED_AVAILABILITY = YES_AGGRESSIVE;
				CLANG_WARN_UNREACHABLE_CODE = YES;
				CLANG_WARN__DUPLICATE_METHOD_MATCH = YES;
				COPY_PHASE_STRIP = NO;
				DEBUG_INFORMATION_FORMAT = dwarf;
				ENABLE_STRICT_OBJC_MSGSEND = YES;
				ENABLE_TESTABILITY = YES;
				GCC_C_LANGUAGE_STANDARD = gnu11;
				GCC_DYNAMIC_NO_PIC = NO;
				GCC_NO_COMMON_BLOCKS = YES;
				GCC_OPTIMIZATION_LEVEL = 0;
				GCC_PREPROCESSOR_DEFINITIONS = (
					"DEBUG=1",
					"$(inherited)",
				);
				GCC_WARN_64_TO_32_BIT_CONVERSION = YES;
				GCC_WARN_ABOUT_RETURN_TYPE = YES_ERROR;
				GCC_WARN_UNDECLARED_SELECTOR = YES;
				GCC_WARN_UNINITIALIZED_AUTOS = YES_AGGRESSIVE;
				GCC_WARN_UNUSED_FUNCTION = YES;
				GCC_WARN_UNUSED_VARIABLE = YES;
				IPHONEOS_DEPLOYMENT_TARGET = 14.4;
				MTL_ENABLE_DEBUG_INFO = INCLUDE_SOURCE;
				MTL_FAST_MATH = YES;
				ONLY_ACTIVE_ARCH = YES;
				SDKROOT = iphoneos;
				SWIFT_ACTIVE_COMPILATION_CONDITIONS = DEBUG;
				SWIFT_OPTIMIZATION_LEVEL = "-Onone";
			};
			name = Debug;
		};
		679A53F526C0271900269FDE /* Release */ = {
			isa = XCBuildConfiguration;
			buildSettings = {
				ALWAYS_SEARCH_USER_PATHS = NO;
				CLANG_ANALYZER_NONNULL = YES;
				CLANG_ANALYZER_NUMBER_OBJECT_CONVERSION = YES_AGGRESSIVE;
				CLANG_CXX_LANGUAGE_STANDARD = "gnu++14";
				CLANG_CXX_LIBRARY = "libc++";
				CLANG_ENABLE_MODULES = YES;
				CLANG_ENABLE_OBJC_ARC = YES;
				CLANG_ENABLE_OBJC_WEAK = YES;
				CLANG_WARN_BLOCK_CAPTURE_AUTORELEASING = YES;
				CLANG_WARN_BOOL_CONVERSION = YES;
				CLANG_WARN_COMMA = YES;
				CLANG_WARN_CONSTANT_CONVERSION = YES;
				CLANG_WARN_DEPRECATED_OBJC_IMPLEMENTATIONS = YES;
				CLANG_WARN_DIRECT_OBJC_ISA_USAGE = YES_ERROR;
				CLANG_WARN_DOCUMENTATION_COMMENTS = YES;
				CLANG_WARN_EMPTY_BODY = YES;
				CLANG_WARN_ENUM_CONVERSION = YES;
				CLANG_WARN_INFINITE_RECURSION = YES;
				CLANG_WARN_INT_CONVERSION = YES;
				CLANG_WARN_NON_LITERAL_NULL_CONVERSION = YES;
				CLANG_WARN_OBJC_IMPLICIT_RETAIN_SELF = YES;
				CLANG_WARN_OBJC_LITERAL_CONVERSION = YES;
				CLANG_WARN_OBJC_ROOT_CLASS = YES_ERROR;
				CLANG_WARN_QUOTED_INCLUDE_IN_FRAMEWORK_HEADER = YES;
				CLANG_WARN_RANGE_LOOP_ANALYSIS = YES;
				CLANG_WARN_STRICT_PROTOTYPES = YES;
				CLANG_WARN_SUSPICIOUS_MOVE = YES;
				CLANG_WARN_UNGUARDED_AVAILABILITY = YES_AGGRESSIVE;
				CLANG_WARN_UNREACHABLE_CODE = YES;
				CLANG_WARN__DUPLICATE_METHOD_MATCH = YES;
				COPY_PHASE_STRIP = NO;
				DEBUG_INFORMATION_FORMAT = "dwarf-with-dsym";
				ENABLE_NS_ASSERTIONS = NO;
				ENABLE_STRICT_OBJC_MSGSEND = YES;
				GCC_C_LANGUAGE_STANDARD = gnu11;
				GCC_NO_COMMON_BLOCKS = YES;
				GCC_WARN_64_TO_32_BIT_CONVERSION = YES;
				GCC_WARN_ABOUT_RETURN_TYPE = YES_ERROR;
				GCC_WARN_UNDECLARED_SELECTOR = YES;
				GCC_WARN_UNINITIALIZED_AUTOS = YES_AGGRESSIVE;
				GCC_WARN_UNUSED_FUNCTION = YES;
				GCC_WARN_UNUSED_VARIABLE = YES;
				IPHONEOS_DEPLOYMENT_TARGET = 14.4;
				MTL_ENABLE_DEBUG_INFO = NO;
				MTL_FAST_MATH = YES;
				SDKROOT = iphoneos;
				SWIFT_COMPILATION_MODE = wholemodule;
				SWIFT_OPTIMIZATION_LEVEL = "-O";
				VALIDATE_PRODUCT = YES;
			};
			name = Release;
		};
		679A53F726C0271900269FDE /* Debug */ = {
			isa = XCBuildConfiguration;
			buildSettings = {
				ASSETCATALOG_COMPILER_APPICON_NAME = AppIcon;
				ASSETCATALOG_COMPILER_GLOBAL_ACCENT_COLOR_NAME = AccentColor;
				CODE_SIGN_STYLE = Automatic;
				DEVELOPMENT_TEAM = H5Z9G33HZA;
				INFOPLIST_FILE = MyTodoApp/Info.plist;
				IPHONEOS_DEPLOYMENT_TARGET = 13.0;
				LD_RUNPATH_SEARCH_PATHS = (
					"$(inherited)",
					"@executable_path/Frameworks",
				);
				PRODUCT_BUNDLE_IDENTIFIER = com.anilcan.MyTodoApp;
				PRODUCT_NAME = "$(TARGET_NAME)";
				SWIFT_VERSION = 5.0;
				TARGETED_DEVICE_FAMILY = 1;
			};
			name = Debug;
		};
		679A53F826C0271900269FDE /* Release */ = {
			isa = XCBuildConfiguration;
			buildSettings = {
				ASSETCATALOG_COMPILER_APPICON_NAME = AppIcon;
				ASSETCATALOG_COMPILER_GLOBAL_ACCENT_COLOR_NAME = AccentColor;
				CODE_SIGN_STYLE = Automatic;
				DEVELOPMENT_TEAM = H5Z9G33HZA;
				INFOPLIST_FILE = MyTodoApp/Info.plist;
				IPHONEOS_DEPLOYMENT_TARGET = 13.0;
				LD_RUNPATH_SEARCH_PATHS = (
					"$(inherited)",
					"@executable_path/Frameworks",
				);
				PRODUCT_BUNDLE_IDENTIFIER = com.anilcan.MyTodoApp;
				PRODUCT_NAME = "$(TARGET_NAME)";
				SWIFT_VERSION = 5.0;
				TARGETED_DEVICE_FAMILY = 1;
			};
			name = Release;
		};
/* End XCBuildConfiguration section */

/* Begin XCConfigurationList section */
		679A53DA26C0271800269FDE /* Build configuration list for PBXProject "MyTodoApp" */ = {
			isa = XCConfigurationList;
			buildConfigurations = (
				679A53F426C0271900269FDE /* Debug */,
				679A53F526C0271900269FDE /* Release */,
			);
			defaultConfigurationIsVisible = 0;
			defaultConfigurationName = Release;
		};
		679A53F626C0271900269FDE /* Build configuration list for PBXNativeTarget "MyTodoApp" */ = {
			isa = XCConfigurationList;
			buildConfigurations = (
				679A53F726C0271900269FDE /* Debug */,
				679A53F826C0271900269FDE /* Release */,
			);
			defaultConfigurationIsVisible = 0;
			defaultConfigurationName = Release;
		};
/* End XCConfigurationList section */

/* Begin XCVersionGroup section */
		679A53EB26C0271800269FDE /* MyTodoApp.xcdatamodeld */ = {
			isa = XCVersionGroup;
			children = (
				679A53EC26C0271800269FDE /* MyTodoApp.xcdatamodel */,
			);
			currentVersion = 679A53EC26C0271800269FDE /* MyTodoApp.xcdatamodel */;
			path = MyTodoApp.xcdatamodeld;
			sourceTree = "<group>";
			versionGroupType = wrapper.xcdatamodel;
		};
/* End XCVersionGroup section */
	};
	rootObject = 679A53D726C0271800269FDE /* Project object */;
}
